
Microsoft Visual Studio Solution File, Format Version 12.00
# Visual Studio Version 17
VisualStudioVersion = 17.8.34330.188
MinimumVisualStudioVersion = 10.0.40219.1
Project("{FAE04EC0-301F-11D3-BF4B-00C04F79EFBC}") = "WorkWithBenchmark.NET", "WorkWithBenchmark.NET.csproj", "{72E5E2DB-63AC-4E33-8C4F-7DEDF5071FDD}"
EndProject
Global
	GlobalSection(SolutionConfigurationPlatforms) = preSolution
		Debug|Any CPU = Debug|Any CPU
		Release|Any CPU = Release|Any CPU
	EndGlobalSection
	GlobalSection(ProjectConfigurationPlatforms) = postSolution
		{72E5E2DB-63AC-4E33-8C4F-7DEDF5071FDD}.Debug|Any CPU.ActiveCfg = Debug|Any CPU
		{72E5E2DB-63AC-4E33-8C4F-7DEDF5071FDD}.Debug|Any CPU.Build.0 = Debug|Any CPU
		{72E5E2DB-63AC-4E33-8C4F-7DEDF5071FDD}.Release|Any CPU.ActiveCfg = Release|Any CPU
		{72E5E2DB-63AC-4E33-8C4F-7DEDF5071FDD}.Release|Any CPU.Build.0 = Release|Any CPU
	EndGlobalSection
	GlobalSection(SolutionProperties) = preSolution
		HideSolutionNode = FALSE
	EndGlobalSection
	GlobalSection(ExtensibilityGlobals) = postSolution
		SolutionGuid = {EAABF826-BFB1-4385-B02C-F4C2367DD085}
	EndGlobalSection
EndGlobal
