
Microsoft Visual Studio Solution File, Format Version 12.00
# Visual Studio Version 17
VisualStudioVersion = 17.8.34330.188
MinimumVisualStudioVersion = 10.0.40219.1
Project("{FAE04EC0-301F-11D3-BF4B-00C04F79EFBC}") = "DNSAsyncCallbackCode", "DNSAsyncCallbackCode.csproj", "{4EF49E4B-27E3-412A-868D-3A6B98D37BE4}"
EndProject
Global
	GlobalSection(SolutionConfigurationPlatforms) = preSolution
		Debug|Any CPU = Debug|Any CPU
		Release|Any CPU = Release|Any CPU
	EndGlobalSection
	GlobalSection(ProjectConfigurationPlatforms) = postSolution
		{4EF49E4B-27E3-412A-868D-3A6B98D37BE4}.Debug|Any CPU.ActiveCfg = Debug|Any CPU
		{4EF49E4B-27E3-412A-868D-3A6B98D37BE4}.Debug|Any CPU.Build.0 = Debug|Any CPU
		{4EF49E4B-27E3-412A-868D-3A6B98D37BE4}.Release|Any CPU.ActiveCfg = Release|Any CPU
		{4EF49E4B-27E3-412A-868D-3A6B98D37BE4}.Release|Any CPU.Build.0 = Release|Any CPU
	EndGlobalSection
	GlobalSection(SolutionProperties) = preSolution
		HideSolutionNode = FALSE
	EndGlobalSection
	GlobalSection(ExtensibilityGlobals) = postSolution
		SolutionGuid = {70281306-F668-41FD-A12F-B0D4527AA3C4}
	EndGlobalSection
EndGlobal
