
Microsoft Visual Studio Solution File, Format Version 12.00
# Visual Studio Version 17
VisualStudioVersion = 17.8.34330.188
MinimumVisualStudioVersion = 10.0.40219.1
Project("{FAE04EC0-301F-11D3-BF4B-00C04F79EFBC}") = "ClubMembershipAplication", "ClubMembershipAplication.csproj", "{D9231E2C-E38B-418A-AD1D-FF98AD0AE3D1}"
EndProject
Project("{FAE04EC0-301F-11D3-BF4B-00C04F79EFBC}") = "FieldsValidatorAPI", "..\FieldsValidatorAPI\FieldsValidatorAPI.csproj", "{21160A17-AD5D-4A1F-9686-34AD8D594899}"
EndProject
Global
	GlobalSection(SolutionConfigurationPlatforms) = preSolution
		Debug|Any CPU = Debug|Any CPU
		Release|Any CPU = Release|Any CPU
	EndGlobalSection
	GlobalSection(ProjectConfigurationPlatforms) = postSolution
		{D9231E2C-E38B-418A-AD1D-FF98AD0AE3D1}.Debug|Any CPU.ActiveCfg = Debug|Any CPU
		{D9231E2C-E38B-418A-AD1D-FF98AD0AE3D1}.Debug|Any CPU.Build.0 = Debug|Any CPU
		{D9231E2C-E38B-418A-AD1D-FF98AD0AE3D1}.Release|Any CPU.ActiveCfg = Release|Any CPU
		{D9231E2C-E38B-418A-AD1D-FF98AD0AE3D1}.Release|Any CPU.Build.0 = Release|Any CPU
		{21160A17-AD5D-4A1F-9686-34AD8D594899}.Debug|Any CPU.ActiveCfg = Debug|Any CPU
		{21160A17-AD5D-4A1F-9686-34AD8D594899}.Debug|Any CPU.Build.0 = Debug|Any CPU
		{21160A17-AD5D-4A1F-9686-34AD8D594899}.Release|Any CPU.ActiveCfg = Release|Any CPU
		{21160A17-AD5D-4A1F-9686-34AD8D594899}.Release|Any CPU.Build.0 = Release|Any CPU
	EndGlobalSection
	GlobalSection(SolutionProperties) = preSolution
		HideSolutionNode = FALSE
	EndGlobalSection
	GlobalSection(ExtensibilityGlobals) = postSolution
		SolutionGuid = {F275538D-D51D-4101-A6A4-012929DA2138}
	EndGlobalSection
EndGlobal
